{
  "name": "auto-layout",
  "lockfileVersion": 3,
  "requires": true,
  "packages": {
    "": {
      "dependencies": {
        "bpmn-auto-layout": "^0.5.0"
      }
    },
    "node_modules/bpmn-auto-layout": {
      "version": "0.5.0",
      "resolved": "https://registry.npmjs.org/bpmn-auto-layout/-/bpmn-auto-layout-0.5.0.tgz",
      "integrity": "sha512-PXKeKuu7+0QY+we7wbW1oMcOj24lSS8KEm3p5WJmH4k2b6H3iaX0TvP5ChF1evn0R6zN8cCPg/04yVrG5jcyow==",
      "dependencies": {
        "bpmn-moddle": "^9.0.0",
        "min-dash": "^4.1.1"
      },
      "engines": {
        "node": ">= 18"
      }
    },
    "node_modules/bpmn-moddle": {
      "version": "9.0.1",
      "resolved": "https://registry.npmjs.org/bpmn-moddle/-/bpmn-moddle-9.0.1.tgz",
      "integrity": "sha512-jO2P5RBx0cZCCd+imqhpNE5anttaYuGd71u76NEA/qMZwJSW1t5ETAtw9/E2InfiPU2w0TR8oxPyopJXRc9VQg==",
      "dependencies": {
        "min-dash": "^4.2.1",
        "moddle": "^7.0.0",
        "moddle-xml": "^11.0.0"
      },
      "engines": {
        "node": ">= 18"
      }
    },
    "node_modules/min-dash": {
      "version": "4.2.1",
      "resolved": "https://registry.npmjs.org/min-dash/-/min-dash-4.2.1.tgz",
      "integrity": "sha512-to+unsToePnm7cUeR9TrMzFlETHd/UXmU+ELTRfWZj5XGT41KF6X3L233o3E/GdEs3sk2Tbw/lOLD1avmWkg8A=="
    },
    "node_modules/moddle": {
      "version": "7.0.0",
      "resolved": "https://registry.npmjs.org/moddle/-/moddle-7.0.0.tgz",
      "integrity": "sha512-Hpte2hfKDwoZWPvDngsEHjloPnO+sKMUVkAPc0r9PrpnVLqsyPUTV0ZQU8CAp87YmRZ9QzeQMJxdKbaP9vEIKA==",
      "dependencies": {
        "min-dash": "^4.2.1"
      }
    },
    "node_modules/moddle-xml": {
      "version": "11.0.0",
      "resolved": "https://registry.npmjs.org/moddle-xml/-/moddle-xml-11.0.0.tgz",
      "integrity": "sha512-L3Sseepfcq9Uy0iIfqEDTXSoYLva1Y/JGbN/4AMOeQ6cqbu8Ma/SDJIdOFm7smsAa64j2z3SwCGG3FIilQVnUg==",
      "dependencies": {
        "min-dash": "^4.0.0",
        "saxen": "^10.0.0"
      },
      "engines": {
        "node": ">= 18"
      },
      "peerDependencies": {
        "moddle": ">= 6.2.0"
      }
    },
    "node_modules/saxen": {
      "version": "10.0.0",
      "resolved": "https://registry.npmjs.org/saxen/-/saxen-10.0.0.tgz",
      "integrity": "sha512-RXsmWok/SAWqOG/f5ADEz51DN9WtZEzqih3e08ranldcaXekxjx8NBKjGh/y5hlowjo0JH/LekBu6gtPFD1G6g==",
      "engines": {
        "node": ">= 18"
      }
    }
  }
}
